
Microsoft Visual Studio Solution File, Format Version 12.00
# Visual Studio 15
VisualStudioVersion = 15.0.27428.2011
MinimumVisualStudioVersion = 10.0.40219.1
Project("{FAE04EC0-301F-11D3-BF4B-00C04F79EFBC}") = "BondIA", "BondIA\BondIA.csproj", "{DF316E5C-C744-4906-88AD-1CB1331BB5B7}"
EndProject
Global
	GlobalSection(SolutionConfigurationPlatforms) = preSolution
		Debug|Any CPU = Debug|Any CPU
		Release|Any CPU = Release|Any CPU
	EndGlobalSection
	GlobalSection(ProjectConfigurationPlatforms) = postSolution
		{DF316E5C-C744-4906-88AD-1CB1331BB5B7}.Debug|Any CPU.ActiveCfg = Debug|Any CPU
		{DF316E5C-C744-4906-88AD-1CB1331BB5B7}.Debug|Any CPU.Build.0 = Debug|Any CPU
		{DF316E5C-C744-4906-88AD-1CB1331BB5B7}.Release|Any CPU.ActiveCfg = Release|Any CPU
		{DF316E5C-C744-4906-88AD-1CB1331BB5B7}.Release|Any CPU.Build.0 = Release|Any CPU
	EndGlobalSection
	GlobalSection(SolutionProperties) = preSolution
		HideSolutionNode = FALSE
	EndGlobalSection
	GlobalSection(ExtensibilityGlobals) = postSolution
		SolutionGuid = {EEEE21FB-4ACF-4E9C-83AD-F4E31AA00F0A}
	EndGlobalSection
EndGlobal
